{
  "requires": true,
  "lockfileVersion": 1,
  "dependencies": {
    "react-native-onboarding-swiper": {
      "version": "0.3.0",
      "resolved": "https://registry.npmjs.org/react-native-onboarding-swiper/-/react-native-onboarding-swiper-0.3.0.tgz",
      "integrity": "sha512-8ypAoP1BrWHKSBKfBetzhSbKjuXYYW2d8dze1oWxcWaQx+5G6wcrt4SnmStMc8yBscFUPuYG+3tugv8yiVsuGw==",
      "requires": {
        "tinycolor2": "1.4.1"
      }
    },
    "tinycolor2": {
      "version": "1.4.1",
      "resolved": "https://registry.npmjs.org/tinycolor2/-/tinycolor2-1.4.1.tgz",
      "integrity": "sha1-9PrTM0R7wLB9TcjpIJ2POaisd+g="
    }
  }
}
